
Microsoft Visual Studio Solution File, Format Version 12.00
# Visual Studio Version 16
VisualStudioVersion = 16.0.31205.134
MinimumVisualStudioVersion = 10.0.40219.1
Project("{9A19103F-16F7-4668-BE54-9A1E7A4F7556}") = "Ip.Obfuscate", "Ip.Obfuscate\Ip.Obfuscate.csproj", "{CAC8D363-126E-4720-888B-3E6DA5B54E15}"
EndProject
Project("{2150E333-8FDC-42A3-9474-1A3956D46DE8}") = "Solution Items", "Solution Items", "{009107AA-C908-4B94-8A44-EEECBA82A4D4}"
	ProjectSection(SolutionItems) = preProject
		.gitignore = .gitignore
		..\MIT-License.txt = ..\MIT-License.txt
	EndProjectSection
EndProject
Project("{9A19103F-16F7-4668-BE54-9A1E7A4F7556}") = "Ip.Obfuscate.Core", "Ip.Obfuscate.Core\Ip.Obfuscate.Core.csproj", "{66FF1DC4-7F0B-4FB0-BF7A-281249F29623}"
EndProject
Project("{2150E333-8FDC-42A3-9474-1A3956D46DE8}") = "Tests", "Tests", "{6419994D-D746-4220-B858-8AB43C055DE7}"
EndProject
Project("{9A19103F-16F7-4668-BE54-9A1E7A4F7556}") = "Ip.Obfuscate.Tests", "Ip.Obfuscate.Tests\Ip.Obfuscate.Tests.csproj", "{8E4CFA1A-5B21-4632-BC91-5CA12DAFE71F}"
EndProject
Global
	GlobalSection(SolutionConfigurationPlatforms) = preSolution
		Debug|Any CPU = Debug|Any CPU
		Release|Any CPU = Release|Any CPU
	EndGlobalSection
	GlobalSection(ProjectConfigurationPlatforms) = postSolution
		{CAC8D363-126E-4720-888B-3E6DA5B54E15}.Debug|Any CPU.ActiveCfg = Debug|Any CPU
		{CAC8D363-126E-4720-888B-3E6DA5B54E15}.Debug|Any CPU.Build.0 = Debug|Any CPU
		{CAC8D363-126E-4720-888B-3E6DA5B54E15}.Release|Any CPU.ActiveCfg = Release|Any CPU
		{CAC8D363-126E-4720-888B-3E6DA5B54E15}.Release|Any CPU.Build.0 = Release|Any CPU
		{66FF1DC4-7F0B-4FB0-BF7A-281249F29623}.Debug|Any CPU.ActiveCfg = Debug|Any CPU
		{66FF1DC4-7F0B-4FB0-BF7A-281249F29623}.Debug|Any CPU.Build.0 = Debug|Any CPU
		{66FF1DC4-7F0B-4FB0-BF7A-281249F29623}.Release|Any CPU.ActiveCfg = Release|Any CPU
		{66FF1DC4-7F0B-4FB0-BF7A-281249F29623}.Release|Any CPU.Build.0 = Release|Any CPU
		{8E4CFA1A-5B21-4632-BC91-5CA12DAFE71F}.Debug|Any CPU.ActiveCfg = Debug|Any CPU
		{8E4CFA1A-5B21-4632-BC91-5CA12DAFE71F}.Debug|Any CPU.Build.0 = Debug|Any CPU
		{8E4CFA1A-5B21-4632-BC91-5CA12DAFE71F}.Release|Any CPU.ActiveCfg = Release|Any CPU
		{8E4CFA1A-5B21-4632-BC91-5CA12DAFE71F}.Release|Any CPU.Build.0 = Release|Any CPU
	EndGlobalSection
	GlobalSection(SolutionProperties) = preSolution
		HideSolutionNode = FALSE
	EndGlobalSection
	GlobalSection(NestedProjects) = preSolution
		{8E4CFA1A-5B21-4632-BC91-5CA12DAFE71F} = {6419994D-D746-4220-B858-8AB43C055DE7}
	EndGlobalSection
	GlobalSection(ExtensibilityGlobals) = postSolution
		SolutionGuid = {48FA518F-9A3B-4E01-AA62-56D666ADC7B6}
	EndGlobalSection
EndGlobal
